
Microsoft Visual Studio Solution File, Format Version 12.00
# Visual Studio Version 17
VisualStudioVersion = 17.2.32616.157
MinimumVisualStudioVersion = 10.0.40219.1
Project("{9A19103F-16F7-4668-BE54-9A1E7A4F7556}") = "ToolApp", "ToolApp.csproj", "{C3C103DE-C60C-41B8-BA80-9F7EF6126FAA}"
EndProject
Project("{9A19103F-16F7-4668-BE54-9A1E7A4F7556}") = "WebApplication1", "..\WebApplication1\WebApplication1.csproj", "{5E20AC1C-F9AD-459B-9A46-F21A5E0E660F}"
EndProject
Global
	GlobalSection(SolutionConfigurationPlatforms) = preSolution
		Debug|Any CPU = Debug|Any CPU
		Release|Any CPU = Release|Any CPU
	EndGlobalSection
	GlobalSection(ProjectConfigurationPlatforms) = postSolution
		{C3C103DE-C60C-41B8-BA80-9F7EF6126FAA}.Debug|Any CPU.ActiveCfg = Debug|Any CPU
		{C3C103DE-C60C-41B8-BA80-9F7EF6126FAA}.Debug|Any CPU.Build.0 = Debug|Any CPU
		{C3C103DE-C60C-41B8-BA80-9F7EF6126FAA}.Release|Any CPU.ActiveCfg = Release|Any CPU
		{C3C103DE-C60C-41B8-BA80-9F7EF6126FAA}.Release|Any CPU.Build.0 = Release|Any CPU
		{5E20AC1C-F9AD-459B-9A46-F21A5E0E660F}.Debug|Any CPU.ActiveCfg = Debug|Any CPU
		{5E20AC1C-F9AD-459B-9A46-F21A5E0E660F}.Debug|Any CPU.Build.0 = Debug|Any CPU
		{5E20AC1C-F9AD-459B-9A46-F21A5E0E660F}.Release|Any CPU.ActiveCfg = Release|Any CPU
		{5E20AC1C-F9AD-459B-9A46-F21A5E0E660F}.Release|Any CPU.Build.0 = Release|Any CPU
	EndGlobalSection
	GlobalSection(SolutionProperties) = preSolution
		HideSolutionNode = FALSE
	EndGlobalSection
	GlobalSection(ExtensibilityGlobals) = postSolution
		SolutionGuid = {5B79C170-C16D-4336-8CE6-3F8A5D1C3614}
	EndGlobalSection
EndGlobal
